
Microsoft Visual Studio Solution File, Format Version 12.00
# Visual Studio Version 17
VisualStudioVersion = 17.11.35327.3
MinimumVisualStudioVersion = 10.0.40219.1
Project("{FAE04EC0-301F-11D3-BF4B-00C04F79EFBC}") = "SurvivorWebApiCRUD", "SurvivorWebApiCRUD\SurvivorWebApiCRUD.csproj", "{EEA44157-7B67-4ED3-9AA5-1692963C1A11}"
EndProject
Global
	GlobalSection(SolutionConfigurationPlatforms) = preSolution
		Debug|Any CPU = Debug|Any CPU
		Release|Any CPU = Release|Any CPU
	EndGlobalSection
	GlobalSection(ProjectConfigurationPlatforms) = postSolution
		{EEA44157-7B67-4ED3-9AA5-1692963C1A11}.Debug|Any CPU.ActiveCfg = Debug|Any CPU
		{EEA44157-7B67-4ED3-9AA5-1692963C1A11}.Debug|Any CPU.Build.0 = Debug|Any CPU
		{EEA44157-7B67-4ED3-9AA5-1692963C1A11}.Release|Any CPU.ActiveCfg = Release|Any CPU
		{EEA44157-7B67-4ED3-9AA5-1692963C1A11}.Release|Any CPU.Build.0 = Release|Any CPU
	EndGlobalSection
	GlobalSection(SolutionProperties) = preSolution
		HideSolutionNode = FALSE
	EndGlobalSection
	GlobalSection(ExtensibilityGlobals) = postSolution
		SolutionGuid = {C4218B02-CFB8-4BBB-B874-4395AB873DD3}
	EndGlobalSection
EndGlobal
